
Microsoft Visual Studio Solution File, Format Version 12.00
# Visual Studio Version 17
VisualStudioVersion = 17.11.35222.181
MinimumVisualStudioVersion = 10.0.40219.1
Project("{FAE04EC0-301F-11D3-BF4B-00C04F79EFBC}") = "Server_TCP", "Server_TCP.csproj", "{A7BF5BAC-6FD0-4EF6-AC91-987BAD922587}"
EndProject
Global
	GlobalSection(SolutionConfigurationPlatforms) = preSolution
		Debug|Any CPU = Debug|Any CPU
		Release|Any CPU = Release|Any CPU
	EndGlobalSection
	GlobalSection(ProjectConfigurationPlatforms) = postSolution
		{A7BF5BAC-6FD0-4EF6-AC91-987BAD922587}.Debug|Any CPU.ActiveCfg = Debug|Any CPU
		{A7BF5BAC-6FD0-4EF6-AC91-987BAD922587}.Debug|Any CPU.Build.0 = Debug|Any CPU
		{A7BF5BAC-6FD0-4EF6-AC91-987BAD922587}.Release|Any CPU.ActiveCfg = Release|Any CPU
		{A7BF5BAC-6FD0-4EF6-AC91-987BAD922587}.Release|Any CPU.Build.0 = Release|Any CPU
	EndGlobalSection
	GlobalSection(SolutionProperties) = preSolution
		HideSolutionNode = FALSE
	EndGlobalSection
	GlobalSection(ExtensibilityGlobals) = postSolution
		SolutionGuid = {C0B0789C-8018-4033-BE88-771135F1F942}
	EndGlobalSection
EndGlobal
